// !$*UTF8*$!
{
	archiveVersion = 1;
	classes = {
	};
	objectVersion = 46;
	objects = {

/* Begin PBXBuildFile section */
		5B0662631BFDAA09007D4C9A /* main.m in Sources */ = {isa = PBXBuildFile; fileRef = 5B0662621BFDAA09007D4C9A /* main.m */; };
		5B0662661BFDAA09007D4C9A /* AppDelegate.m in Sources */ = {isa = PBXBuildFile; fileRef = 5B0662651BFDAA09007D4C9A /* AppDelegate.m */; };
		5B0662681BFDAA09007D4C9A /* Assets.xcassets in Resources */ = {isa = PBXBuildFile; fileRef = 5B0662671BFDAA09007D4C9A /* Assets.xcassets */; };
		5B06626B1BFDAA09007D4C9A /* LaunchScreen.storyboard in Resources */ = {isa = PBXBuildFile; fileRef = 5B0662691BFDAA09007D4C9A /* LaunchScreen.storyboard */; };
		5B0662741BFDAA1D007D4C9A /* MainViewController.m in Sources */ = {isa = PBXBuildFile; fileRef = 5B0662731BFDAA1D007D4C9A /* MainViewController.m */; };
		5B0662811BFDAA76007D4C9A /* WebViewJavascriptBridge.js.txt in Resources */ = {isa = PBXBuildFile; fileRef = 5B06627B1BFDAA76007D4C9A /* WebViewJavascriptBridge.js.txt */; };
		5B0662821BFDAA76007D4C9A /* WebViewJavascriptBridge.m in Sources */ = {isa = PBXBuildFile; fileRef = 5B06627C1BFDAA76007D4C9A /* WebViewJavascriptBridge.m */; };
		5B0662831BFDAA76007D4C9A /* WebViewJavascriptBridgeBase.m in Sources */ = {isa = PBXBuildFile; fileRef = 5B06627E1BFDAA76007D4C9A /* WebViewJavascriptBridgeBase.m */; };
		5B0662841BFDAA76007D4C9A /* WKWebViewJavascriptBridge.m in Sources */ = {isa = PBXBuildFile; fileRef = 5B0662801BFDAA76007D4C9A /* WKWebViewJavascriptBridge.m */; };
		5B0662871BFDBCEB007D4C9A /* DetailViewController.m in Sources */ = {isa = PBXBuildFile; fileRef = 5B0662861BFDBCEB007D4C9A /* DetailViewController.m */; };
/* End PBXBuildFile section */

/* Begin PBXFileReference section */
		5B06625E1BFDAA09007D4C9A /* Js&Webview.app */ = {isa = PBXFileReference; explicitFileType = wrapper.application; includeInIndex = 0; path = "Js&Webview.app"; sourceTree = BUILT_PRODUCTS_DIR; };
		5B0662621BFDAA09007D4C9A /* main.m */ = {isa = PBXFileReference; lastKnownFileType = sourcecode.c.objc; path = main.m; sourceTree = "<group>"; };
		5B0662641BFDAA09007D4C9A /* AppDelegate.h */ = {isa = PBXFileReference; lastKnownFileType = sourcecode.c.h; path = AppDelegate.h; sourceTree = "<group>"; };
		5B0662651BFDAA09007D4C9A /* AppDelegate.m */ = {isa = PBXFileReference; lastKnownFileType = sourcecode.c.objc; path = AppDelegate.m; sourceTree = "<group>"; };
		5B0662671BFDAA09007D4C9A /* Assets.xcassets */ = {isa = PBXFileReference; lastKnownFileType = folder.assetcatalog; path = Assets.xcassets; sourceTree = "<group>"; };
		5B06626A1BFDAA09007D4C9A /* Base */ = {isa = PBXFileReference; lastKnownFileType = file.storyboard; name = Base; path = Base.lproj/LaunchScreen.storyboard; sourceTree = "<group>"; };
		5B06626C1BFDAA09007D4C9A /* Info.plist */ = {isa = PBXFileReference; lastKnownFileType = text.plist.xml; path = Info.plist; sourceTree = "<group>"; };
		5B0662721BFDAA1D007D4C9A /* MainViewController.h */ = {isa = PBXFileReference; fileEncoding = 4; lastKnownFileType = sourcecode.c.h; path = MainViewController.h; sourceTree = "<group>"; };
		5B0662731BFDAA1D007D4C9A /* MainViewController.m */ = {isa = PBXFileReference; fileEncoding = 4; lastKnownFileType = sourcecode.c.objc; path = MainViewController.m; sourceTree = "<group>"; };
		5B06627A1BFDAA76007D4C9A /* WebViewJavascriptBridge.h */ = {isa = PBXFileReference; fileEncoding = 4; lastKnownFileType = sourcecode.c.h; path = WebViewJavascriptBridge.h; sourceTree = "<group>"; };
		5B06627B1BFDAA76007D4C9A /* WebViewJavascriptBridge.js.txt */ = {isa = PBXFileReference; fileEncoding = 4; lastKnownFileType = text; path = WebViewJavascriptBridge.js.txt; sourceTree = "<group>"; };
		5B06627C1BFDAA76007D4C9A /* WebViewJavascriptBridge.m */ = {isa = PBXFileReference; fileEncoding = 4; lastKnownFileType = sourcecode.c.objc; path = WebViewJavascriptBridge.m; sourceTree = "<group>"; };
		5B06627D1BFDAA76007D4C9A /* WebViewJavascriptBridgeBase.h */ = {isa = PBXFileReference; fileEncoding = 4; lastKnownFileType = sourcecode.c.h; path = WebViewJavascriptBridgeBase.h; sourceTree = "<group>"; };
		5B06627E1BFDAA76007D4C9A /* WebViewJavascriptBridgeBase.m */ = {isa = PBXFileReference; fileEncoding = 4; lastKnownFileType = sourcecode.c.objc; path = WebViewJavascriptBridgeBase.m; sourceTree = "<group>"; };
		5B06627F1BFDAA76007D4C9A /* WKWebViewJavascriptBridge.h */ = {isa = PBXFileReference; fileEncoding = 4; lastKnownFileType = sourcecode.c.h; path = WKWebViewJavascriptBridge.h; sourceTree = "<group>"; };
		5B0662801BFDAA76007D4C9A /* WKWebViewJavascriptBridge.m */ = {isa = PBXFileReference; fileEncoding = 4; lastKnownFileType = sourcecode.c.objc; path = WKWebViewJavascriptBridge.m; sourceTree = "<group>"; };
		5B0662851BFDBCEB007D4C9A /* DetailViewController.h */ = {isa = PBXFileReference; fileEncoding = 4; lastKnownFileType = sourcecode.c.h; path = DetailViewController.h; sourceTree = "<group>"; };
		5B0662861BFDBCEB007D4C9A /* DetailViewController.m */ = {isa = PBXFileReference; fileEncoding = 4; lastKnownFileType = sourcecode.c.objc; path = DetailViewController.m; sourceTree = "<group>"; };
/* End PBXFileReference section */

/* Begin PBXFrameworksBuildPhase section */
		5B06625B1BFDAA09007D4C9A /* Frameworks */ = {
			isa = PBXFrameworksBuildPhase;
			buildActionMask = 2147483647;
			files = (
			);
			runOnlyForDeploymentPostprocessing = 0;
		};
/* End PBXFrameworksBuildPhase section */

/* Begin PBXGroup section */
		5B0662551BFDAA09007D4C9A = {
			isa = PBXGroup;
			children = (
				5B0662601BFDAA09007D4C9A /* Js&Webview */,
				5B06625F1BFDAA09007D4C9A /* Products */,
			);
			sourceTree = "<group>";
		};
		5B06625F1BFDAA09007D4C9A /* Products */ = {
			isa = PBXGroup;
			children = (
				5B06625E1BFDAA09007D4C9A /* Js&Webview.app */,
			);
			name = Products;
			sourceTree = "<group>";
		};
		5B0662601BFDAA09007D4C9A /* Js&Webview */ = {
			isa = PBXGroup;
			children = (
				5B0662781BFDAA60007D4C9A /* Vendor */,
				5B0662641BFDAA09007D4C9A /* AppDelegate.h */,
				5B0662651BFDAA09007D4C9A /* AppDelegate.m */,
				5B0662721BFDAA1D007D4C9A /* MainViewController.h */,
				5B0662731BFDAA1D007D4C9A /* MainViewController.m */,
				5B0662851BFDBCEB007D4C9A /* DetailViewController.h */,
				5B0662861BFDBCEB007D4C9A /* DetailViewController.m */,
				5B0662671BFDAA09007D4C9A /* Assets.xcassets */,
				5B0662691BFDAA09007D4C9A /* LaunchScreen.storyboard */,
				5B06626C1BFDAA09007D4C9A /* Info.plist */,
				5B0662611BFDAA09007D4C9A /* Supporting Files */,
			);
			path = "Js&Webview";
			sourceTree = "<group>";
		};
		5B0662611BFDAA09007D4C9A /* Supporting Files */ = {
			isa = PBXGroup;
			children = (
				5B0662621BFDAA09007D4C9A /* main.m */,
			);
			name = "Supporting Files";
			sourceTree = "<group>";
		};
		5B0662781BFDAA60007D4C9A /* Vendor */ = {
			isa = PBXGroup;
			children = (
				5B0662791BFDAA76007D4C9A /* WebViewJavascriptBridge */,
			);
			path = Vendor;
			sourceTree = "<group>";
		};
		5B0662791BFDAA76007D4C9A /* WebViewJavascriptBridge */ = {
			isa = PBXGroup;
			children = (
				5B06627A1BFDAA76007D4C9A /* WebViewJavascriptBridge.h */,
				5B06627B1BFDAA76007D4C9A /* WebViewJavascriptBridge.js.txt */,
				5B06627C1BFDAA76007D4C9A /* WebViewJavascriptBridge.m */,
				5B06627D1BFDAA76007D4C9A /* WebViewJavascriptBridgeBase.h */,
				5B06627E1BFDAA76007D4C9A /* WebViewJavascriptBridgeBase.m */,
				5B06627F1BFDAA76007D4C9A /* WKWebViewJavascriptBridge.h */,
				5B0662801BFDAA76007D4C9A /* WKWebViewJavascriptBridge.m */,
			);
			path = WebViewJavascriptBridge;
			sourceTree = "<group>";
		};
/* End PBXGroup section */

/* Begin PBXNativeTarget section */
		5B06625D1BFDAA09007D4C9A /* Js&Webview */ = {
			isa = PBXNativeTarget;
			buildConfigurationList = 5B06626F1BFDAA09007D4C9A /* Build configuration list for PBXNativeTarget "Js&Webview" */;
			buildPhases = (
				5B06625A1BFDAA09007D4C9A /* Sources */,
				5B06625B1BFDAA09007D4C9A /* Frameworks */,
				5B06625C1BFDAA09007D4C9A /* Resources */,
			);
			buildRules = (
			);
			dependencies = (
			);
			name = "Js&Webview";
			productName = "Js&Webview";
			productReference = 5B06625E1BFDAA09007D4C9A /* Js&Webview.app */;
			productType = "com.apple.product-type.application";
		};
/* End PBXNativeTarget section */

/* Begin PBXProject section */
		5B0662561BFDAA09007D4C9A /* Project object */ = {
			isa = PBXProject;
			attributes = {
				LastUpgradeCheck = 0710;
				ORGANIZATIONNAME = Kim;
				TargetAttributes = {
					5B06625D1BFDAA09007D4C9A = {
						CreatedOnToolsVersion = 7.1;
					};
				};
			};
			buildConfigurationList = 5B0662591BFDAA09007D4C9A /* Build configuration list for PBXProject "Js&Webview" */;
			compatibilityVersion = "Xcode 3.2";
			developmentRegion = English;
			hasScannedForEncodings = 0;
			knownRegions = (
				en,
				Base,
			);
			mainGroup = 5B0662551BFDAA09007D4C9A;
			productRefGroup = 5B06625F1BFDAA09007D4C9A /* Products */;
			projectDirPath = "";
			projectRoot = "";
			targets = (
				5B06625D1BFDAA09007D4C9A /* Js&Webview */,
			);
		};
/* End PBXProject section */

/* Begin PBXResourcesBuildPhase section */
		5B06625C1BFDAA09007D4C9A /* Resources */ = {
			isa = PBXResourcesBuildPhase;
			buildActionMask = 2147483647;
			files = (
				5B0662681BFDAA09007D4C9A /* Assets.xcassets in Resources */,
				5B06626B1BFDAA09007D4C9A /* LaunchScreen.storyboard in Resources */,
				5B0662811BFDAA76007D4C9A /* WebViewJavascriptBridge.js.txt in Resources */,
			);
			runOnlyForDeploymentPostprocessing = 0;
		};
/* End PBXResourcesBuildPhase section */

/* Begin PBXSourcesBuildPhase section */
		5B06625A1BFDAA09007D4C9A /* Sources */ = {
			isa = PBXSourcesBuildPhase;
			buildActionMask = 2147483647;
			files = (
				5B0662661BFDAA09007D4C9A /* AppDelegate.m in Sources */,
				5B0662741BFDAA1D007D4C9A /* MainViewController.m in Sources */,
				5B0662631BFDAA09007D4C9A /* main.m in Sources */,
				5B0662831BFDAA76007D4C9A /* WebViewJavascriptBridgeBase.m in Sources */,
				5B0662821BFDAA76007D4C9A /* WebViewJavascriptBridge.m in Sources */,
				5B0662841BFDAA76007D4C9A /* WKWebViewJavascriptBridge.m in Sources */,
				5B0662871BFDBCEB007D4C9A /* DetailViewController.m in Sources */,
			);
			runOnlyForDeploymentPostprocessing = 0;
		};
/* End PBXSourcesBuildPhase section */

/* Begin PBXVariantGroup section */
		5B0662691BFDAA09007D4C9A /* LaunchScreen.storyboard */ = {
			isa = PBXVariantGroup;
			children = (
				5B06626A1BFDAA09007D4C9A /* Base */,
			);
			name = LaunchScreen.storyboard;
			sourceTree = "<group>";
		};
/* End PBXVariantGroup section */

/* Begin XCBuildConfiguration section */
		5B06626D1BFDAA09007D4C9A /* Debug */ = {
			isa = XCBuildConfiguration;
			buildSettings = {
				ALWAYS_SEARCH_USER_PATHS = NO;
				CLANG_CXX_LANGUAGE_STANDARD = "gnu++0x";
				CLANG_CXX_LIBRARY = "libc++";
				CLANG_ENABLE_MODULES = YES;
				CLANG_ENABLE_OBJC_ARC = YES;
				CLANG_WARN_BOOL_CONVERSION = YES;
				CLANG_WARN_CONSTANT_CONVERSION = YES;
				CLANG_WARN_DIRECT_OBJC_ISA_USAGE = YES_ERROR;
				CLANG_WARN_EMPTY_BODY = YES;
				CLANG_WARN_ENUM_CONVERSION = YES;
				CLANG_WARN_INT_CONVERSION = YES;
				CLANG_WARN_OBJC_ROOT_CLASS = YES_ERROR;
				CLANG_WARN_UNREACHABLE_CODE = YES;
				CLANG_WARN__DUPLICATE_METHOD_MATCH = YES;
				"CODE_SIGN_IDENTITY[sdk=iphoneos*]" = "iPhone Developer";
				COPY_PHASE_STRIP = NO;
				DEBUG_INFORMATION_FORMAT = dwarf;
				ENABLE_STRICT_OBJC_MSGSEND = YES;
				ENABLE_TESTABILITY = YES;
				GCC_C_LANGUAGE_STANDARD = gnu99;
				GCC_DYNAMIC_NO_PIC = NO;
				GCC_NO_COMMON_BLOCKS = YES;
				GCC_OPTIMIZATION_LEVEL = 0;
				GCC_PREPROCESSOR_DEFINITIONS = (
					"DEBUG=1",
					"$(inherited)",
				);
				GCC_WARN_64_TO_32_BIT_CONVERSION = YES;
				GCC_WARN_ABOUT_RETURN_TYPE = YES_ERROR;
				GCC_WARN_UNDECLARED_SELECTOR = YES;
				GCC_WARN_UNINITIALIZED_AUTOS = YES_AGGRESSIVE;
				GCC_WARN_UNUSED_FUNCTION = YES;
				GCC_WARN_UNUSED_VARIABLE = YES;
				IPHONEOS_DEPLOYMENT_TARGET = 9.1;
				MTL_ENABLE_DEBUG_INFO = YES;
				ONLY_ACTIVE_ARCH = YES;
				SDKROOT = iphoneos;
				TARGETED_DEVICE_FAMILY = "1,2";
			};
			name = Debug;
		};
		5B06626E1BFDAA09007D4C9A /* Release */ = {
			isa = XCBuildConfiguration;
			buildSettings = {
				ALWAYS_SEARCH_USER_PATHS = NO;
				CLANG_CXX_LANGUAGE_STANDARD = "gnu++0x";
				CLANG_CXX_LIBRARY = "libc++";
				CLANG_ENABLE_MODULES = YES;
				CLANG_ENABLE_OBJC_ARC = YES;
				CLANG_WARN_BOOL_CONVERSION = YES;
				CLANG_WARN_CONSTANT_CONVERSION = YES;
				CLANG_WARN_DIRECT_OBJC_ISA_USAGE = YES_ERROR;
				CLANG_WARN_EMPTY_BODY = YES;
				CLANG_WARN_ENUM_CONVERSION = YES;
				CLANG_WARN_INT_CONVERSION = YES;
				CLANG_WARN_OBJC_ROOT_CLASS = YES_ERROR;
				CLANG_WARN_UNREACHABLE_CODE = YES;
				CLANG_WARN__DUPLICATE_METHOD_MATCH = YES;
				"CODE_SIGN_IDENTITY[sdk=iphoneos*]" = "iPhone Developer";
				COPY_PHASE_STRIP = NO;
				DEBUG_INFORMATION_FORMAT = "dwarf-with-dsym";
				ENABLE_NS_ASSERTIONS = NO;
				ENABLE_STRICT_OBJC_MSGSEND = YES;
				GCC_C_LANGUAGE_STANDARD = gnu99;
				GCC_NO_COMMON_BLOCKS = YES;
				GCC_WARN_64_TO_32_BIT_CONVERSION = YES;
				GCC_WARN_ABOUT_RETURN_TYPE = YES_ERROR;
				GCC_WARN_UNDECLARED_SELECTOR = YES;
				GCC_WARN_UNINITIALIZED_AUTOS = YES_AGGRESSIVE;
				GCC_WARN_UNUSED_FUNCTION = YES;
				GCC_WARN_UNUSED_VARIABLE = YES;
				IPHONEOS_DEPLOYMENT_TARGET = 9.1;
				MTL_ENABLE_DEBUG_INFO = NO;
				SDKROOT = iphoneos;
				TARGETED_DEVICE_FAMILY = "1,2";
				VALIDATE_PRODUCT = YES;
			};
			name = Release;
		};
		5B0662701BFDAA09007D4C9A /* Debug */ = {
			isa = XCBuildConfiguration;
			buildSettings = {
				ASSETCATALOG_COMPILER_APPICON_NAME = AppIcon;
				INFOPLIST_FILE = "Js&Webview/Info.plist";
				LD_RUNPATH_SEARCH_PATHS = "$(inherited) @executable_path/Frameworks";
				PRODUCT_BUNDLE_IDENTIFIER = "im.cun.Js-Webview";
				PRODUCT_NAME = "$(TARGET_NAME)";
				TARGETED_DEVICE_FAMILY = 1;
			};
			name = Debug;
		};
		5B0662711BFDAA09007D4C9A /* Release */ = {
			isa = XCBuildConfiguration;
			buildSettings = {
				ASSETCATALOG_COMPILER_APPICON_NAME = AppIcon;
				INFOPLIST_FILE = "Js&Webview/Info.plist";
				LD_RUNPATH_SEARCH_PATHS = "$(inherited) @executable_path/Frameworks";
				PRODUCT_BUNDLE_IDENTIFIER = "im.cun.Js-Webview";
				PRODUCT_NAME = "$(TARGET_NAME)";
				TARGETED_DEVICE_FAMILY = 1;
			};
			name = Release;
		};
/* End XCBuildConfiguration section */

/* Begin XCConfigurationList section */
		5B0662591BFDAA09007D4C9A /* Build configuration list for PBXProject "Js&Webview" */ = {
			isa = XCConfigurationList;
			buildConfigurations = (
				5B06626D1BFDAA09007D4C9A /* Debug */,
				5B06626E1BFDAA09007D4C9A /* Release */,
			);
			defaultConfigurationIsVisible = 0;
			defaultConfigurationName = Release;
		};
		5B06626F1BFDAA09007D4C9A /* Build configuration list for PBXNativeTarget "Js&Webview" */ = {
			isa = XCConfigurationList;
			buildConfigurations = (
				5B0662701BFDAA09007D4C9A /* Debug */,
				5B0662711BFDAA09007D4C9A /* Release */,
			);
			defaultConfigurationIsVisible = 0;
		};
/* End XCConfigurationList section */
	};
	rootObject = 5B0662561BFDAA09007D4C9A /* Project object */;
}
