// !$*UTF8*$!
{
	archiveVersion = 1;
	classes = {
	};
	objectVersion = 46;
	objects = {

/* Begin PBXBuildFile section */
		5B0662631BFDAA09007D4C9A /* main.m in Sources */ = {isa = PBXBuildFile; fileRef = 5B0662621BFDAA09007D4C9A /* main.m */; };
		5B0662661BFDAA09007D4C9A /* AppDelegate.m in Sources */ = {isa = PBXBuildFile; fileRef = 5B0662651BFDAA09007D4C9A /* AppDelegate.m */; };
		5B0662681BFDAA09007D4C9A /* Assets.xcassets in Resources */ = {isa = PBXBuildFile; fileRef = 5B0662671BFDAA09007D4C9A /* Assets.xcassets */; };
		5B06626B1BFDAA09007D4C9A /* LaunchScreen.storyboard in Resources */ = {isa = PBXBuildFile; fileRef = 5B0662691BFDAA09007D4C9A /* LaunchScreen.storyboard */; };
		5B0662741BFDAA1D007D4C9A /* MainViewController.m in Sources */ = {isa = PBXBuildFile; fileRef = 5B0662731BFDAA1D007D4C9A /* MainViewController.m */; };
		5B0662811BFDAA76007D4C9A /* WebViewJavascriptBridge.js.txt in Resources */ = {isa = PBXBuildFile; fileRef = 5B06627B1BFDAA76007D4C9A /* WebViewJavascriptBridge.js.txt */; };
		5B0662821BFDAA76007D4C9A /* WebViewJavascriptBridge.m in Sources */ = {isa = PBXBuildFile; fileRef = 5B06627C1BFDAA76007D4C9A /* WebViewJavascriptBridge.m */; };
		5B0662831BFDAA76007D4C9A /* WebViewJavascriptBridgeBase.m in Sources */ = {isa = PBXBuildFile; fileRef = 5B06627E1BFDAA76007D4C9A /* WebViewJavascriptBridgeBase.m */; };
		5B0662841BFDAA76007D4C9A /* WKWebViewJavascriptBridge.m in Sources */ = {isa = PBXBuildFile; fileRef = 5B0662801BFDAA76007D4C9A /* WKWebViewJavascriptBridge.m */; };
		5B0662871BFDBCEB007D4C9A /* DetailViewController.m in Sources */ = {isa = PBXBuildFile; fileRef = 5B0662861BFDBCEB007D4C9A /* DetailViewController.m */; };
		5BCD80DF1BFEEAB30023DB3C /* UMSocialLocalizable.strings in Resources */ = {isa = PBXBuildFile; fileRef = 5BCD80B91BFEEAB30023DB3C /* UMSocialLocalizable.strings */; };
		5BCD80E01BFEEAB30023DB3C /* libUMSocial_Sdk_4.3.a in Frameworks */ = {isa = PBXBuildFile; fileRef = 5BCD80C71BFEEAB30023DB3C /* libUMSocial_Sdk_4.3.a */; };
		5BCD80E11BFEEAB30023DB3C /* UMSCommentDetailController.xib in Resources */ = {isa = PBXBuildFile; fileRef = 5BCD80C91BFEEAB30023DB3C /* UMSCommentDetailController.xib */; };
		5BCD80E21BFEEAB30023DB3C /* UMSCommentInputController.xib in Resources */ = {isa = PBXBuildFile; fileRef = 5BCD80CA1BFEEAB30023DB3C /* UMSCommentInputController.xib */; };
		5BCD80E31BFEEAB30023DB3C /* UMSCommentInputControlleriPad.xib in Resources */ = {isa = PBXBuildFile; fileRef = 5BCD80CB1BFEEAB30023DB3C /* UMSCommentInputControlleriPad.xib */; };
		5BCD80E41BFEEAB30023DB3C /* UMShareEditViewController.xib in Resources */ = {isa = PBXBuildFile; fileRef = 5BCD80CC1BFEEAB30023DB3C /* UMShareEditViewController.xib */; };
		5BCD80E51BFEEAB30023DB3C /* UMShareEditViewControlleriPad.xib in Resources */ = {isa = PBXBuildFile; fileRef = 5BCD80CD1BFEEAB30023DB3C /* UMShareEditViewControlleriPad.xib */; };
		5BCD80E61BFEEAB30023DB3C /* UMSLoginViewController.xib in Resources */ = {isa = PBXBuildFile; fileRef = 5BCD80CE1BFEEAB30023DB3C /* UMSLoginViewController.xib */; };
		5BCD80E71BFEEAB30023DB3C /* UMSnsAccountViewController.xib in Resources */ = {isa = PBXBuildFile; fileRef = 5BCD80CF1BFEEAB30023DB3C /* UMSnsAccountViewController.xib */; };
		5BCD80E81BFEEAB30023DB3C /* UMSShareListController.xib in Resources */ = {isa = PBXBuildFile; fileRef = 5BCD80D01BFEEAB30023DB3C /* UMSShareListController.xib */; };
		5BCD80E91BFEEAB30023DB3C /* UMSocialSDKResourcesNew.bundle in Resources */ = {isa = PBXBuildFile; fileRef = 5BCD80D11BFEEAB30023DB3C /* UMSocialSDKResourcesNew.bundle */; };
		5BCD80ED1BFEEAB30023DB3C /* libSocialWechat.a in Frameworks */ = {isa = PBXBuildFile; fileRef = 5BCD80DA1BFEEAB30023DB3C /* libSocialWechat.a */; };
		5BCD80EE1BFEEAB30023DB3C /* libWeChatSDK.a in Frameworks */ = {isa = PBXBuildFile; fileRef = 5BCD80DB1BFEEAB30023DB3C /* libWeChatSDK.a */; };
		5BCD81081BFEF05B0023DB3C /* libstdc++.tbd in Frameworks */ = {isa = PBXBuildFile; fileRef = 5BCD81071BFEF05B0023DB3C /* libstdc++.tbd */; };
		5BCD810A1BFEF0780023DB3C /* libsqlite3.tbd in Frameworks */ = {isa = PBXBuildFile; fileRef = 5BCD81091BFEF0780023DB3C /* libsqlite3.tbd */; };
		5BCD810C1BFEF0830023DB3C /* Security.framework in Frameworks */ = {isa = PBXBuildFile; fileRef = 5BCD810B1BFEF0830023DB3C /* Security.framework */; };
		5BCD810E1BFEF0930023DB3C /* SystemConfiguration.framework in Frameworks */ = {isa = PBXBuildFile; fileRef = 5BCD810D1BFEF0930023DB3C /* SystemConfiguration.framework */; };
		5BCD81101BFEF0B10023DB3C /* CoreTelephony.framework in Frameworks */ = {isa = PBXBuildFile; fileRef = 5BCD810F1BFEF0B10023DB3C /* CoreTelephony.framework */; };
		5BCD81121BFEF20C0023DB3C /* libz.tbd in Frameworks */ = {isa = PBXBuildFile; fileRef = 5BCD81111BFEF20C0023DB3C /* libz.tbd */; };
		5BCD81151BFEF6AB0023DB3C /* ImageIO.framework in Frameworks */ = {isa = PBXBuildFile; fileRef = 5BCD81141BFEF6AB0023DB3C /* ImageIO.framework */; };
/* End PBXBuildFile section */

/* Begin PBXFileReference section */
		5B06625E1BFDAA09007D4C9A /* Js&Webview.app */ = {isa = PBXFileReference; explicitFileType = wrapper.application; includeInIndex = 0; path = "Js&Webview.app"; sourceTree = BUILT_PRODUCTS_DIR; };
		5B0662621BFDAA09007D4C9A /* main.m */ = {isa = PBXFileReference; lastKnownFileType = sourcecode.c.objc; path = main.m; sourceTree = "<group>"; };
		5B0662641BFDAA09007D4C9A /* AppDelegate.h */ = {isa = PBXFileReference; lastKnownFileType = sourcecode.c.h; path = AppDelegate.h; sourceTree = "<group>"; };
		5B0662651BFDAA09007D4C9A /* AppDelegate.m */ = {isa = PBXFileReference; lastKnownFileType = sourcecode.c.objc; path = AppDelegate.m; sourceTree = "<group>"; };
		5B0662671BFDAA09007D4C9A /* Assets.xcassets */ = {isa = PBXFileReference; lastKnownFileType = folder.assetcatalog; path = Assets.xcassets; sourceTree = "<group>"; };
		5B06626A1BFDAA09007D4C9A /* Base */ = {isa = PBXFileReference; lastKnownFileType = file.storyboard; name = Base; path = Base.lproj/LaunchScreen.storyboard; sourceTree = "<group>"; };
		5B06626C1BFDAA09007D4C9A /* Info.plist */ = {isa = PBXFileReference; lastKnownFileType = text.plist.xml; path = Info.plist; sourceTree = "<group>"; };
		5B0662721BFDAA1D007D4C9A /* MainViewController.h */ = {isa = PBXFileReference; fileEncoding = 4; lastKnownFileType = sourcecode.c.h; path = MainViewController.h; sourceTree = "<group>"; };
		5B0662731BFDAA1D007D4C9A /* MainViewController.m */ = {isa = PBXFileReference; fileEncoding = 4; lastKnownFileType = sourcecode.c.objc; path = MainViewController.m; sourceTree = "<group>"; };
		5B06627A1BFDAA76007D4C9A /* WebViewJavascriptBridge.h */ = {isa = PBXFileReference; fileEncoding = 4; lastKnownFileType = sourcecode.c.h; path = WebViewJavascriptBridge.h; sourceTree = "<group>"; };
		5B06627B1BFDAA76007D4C9A /* WebViewJavascriptBridge.js.txt */ = {isa = PBXFileReference; fileEncoding = 4; lastKnownFileType = text; path = WebViewJavascriptBridge.js.txt; sourceTree = "<group>"; };
		5B06627C1BFDAA76007D4C9A /* WebViewJavascriptBridge.m */ = {isa = PBXFileReference; fileEncoding = 4; lastKnownFileType = sourcecode.c.objc; path = WebViewJavascriptBridge.m; sourceTree = "<group>"; };
		5B06627D1BFDAA76007D4C9A /* WebViewJavascriptBridgeBase.h */ = {isa = PBXFileReference; fileEncoding = 4; lastKnownFileType = sourcecode.c.h; path = WebViewJavascriptBridgeBase.h; sourceTree = "<group>"; };
		5B06627E1BFDAA76007D4C9A /* WebViewJavascriptBridgeBase.m */ = {isa = PBXFileReference; fileEncoding = 4; lastKnownFileType = sourcecode.c.objc; path = WebViewJavascriptBridgeBase.m; sourceTree = "<group>"; };
		5B06627F1BFDAA76007D4C9A /* WKWebViewJavascriptBridge.h */ = {isa = PBXFileReference; fileEncoding = 4; lastKnownFileType = sourcecode.c.h; path = WKWebViewJavascriptBridge.h; sourceTree = "<group>"; };
		5B0662801BFDAA76007D4C9A /* WKWebViewJavascriptBridge.m */ = {isa = PBXFileReference; fileEncoding = 4; lastKnownFileType = sourcecode.c.objc; path = WKWebViewJavascriptBridge.m; sourceTree = "<group>"; };
		5B0662851BFDBCEB007D4C9A /* DetailViewController.h */ = {isa = PBXFileReference; fileEncoding = 4; lastKnownFileType = sourcecode.c.h; path = DetailViewController.h; sourceTree = "<group>"; };
		5B0662861BFDBCEB007D4C9A /* DetailViewController.m */ = {isa = PBXFileReference; fileEncoding = 4; lastKnownFileType = sourcecode.c.objc; path = DetailViewController.m; sourceTree = "<group>"; };
		5BCD80BA1BFEEAB30023DB3C /* en */ = {isa = PBXFileReference; lastKnownFileType = text.plist.strings; name = en; path = en.lproj/UMSocialLocalizable.strings; sourceTree = "<group>"; };
		5BCD80BC1BFEEAB30023DB3C /* UMSocial.h */ = {isa = PBXFileReference; fileEncoding = 4; lastKnownFileType = sourcecode.c.h; path = UMSocial.h; sourceTree = "<group>"; };
		5BCD80BD1BFEEAB30023DB3C /* UMSocialAccountManager.h */ = {isa = PBXFileReference; fileEncoding = 4; lastKnownFileType = sourcecode.c.h; path = UMSocialAccountManager.h; sourceTree = "<group>"; };
		5BCD80BE1BFEEAB30023DB3C /* UMSocialBar.h */ = {isa = PBXFileReference; fileEncoding = 4; lastKnownFileType = sourcecode.c.h; path = UMSocialBar.h; sourceTree = "<group>"; };
		5BCD80BF1BFEEAB30023DB3C /* UMSocialConfig.h */ = {isa = PBXFileReference; fileEncoding = 4; lastKnownFileType = sourcecode.c.h; path = UMSocialConfig.h; sourceTree = "<group>"; };
		5BCD80C01BFEEAB30023DB3C /* UMSocialControllerService.h */ = {isa = PBXFileReference; fileEncoding = 4; lastKnownFileType = sourcecode.c.h; path = UMSocialControllerService.h; sourceTree = "<group>"; };
		5BCD80C11BFEEAB30023DB3C /* UMSocialControllerServiceComment.h */ = {isa = PBXFileReference; fileEncoding = 4; lastKnownFileType = sourcecode.c.h; path = UMSocialControllerServiceComment.h; sourceTree = "<group>"; };
		5BCD80C21BFEEAB30023DB3C /* UMSocialData.h */ = {isa = PBXFileReference; fileEncoding = 4; lastKnownFileType = sourcecode.c.h; path = UMSocialData.h; sourceTree = "<group>"; };
		5BCD80C31BFEEAB30023DB3C /* UMSocialDataService.h */ = {isa = PBXFileReference; fileEncoding = 4; lastKnownFileType = sourcecode.c.h; path = UMSocialDataService.h; sourceTree = "<group>"; };
		5BCD80C41BFEEAB30023DB3C /* UMSocialSnsData.h */ = {isa = PBXFileReference; fileEncoding = 4; lastKnownFileType = sourcecode.c.h; path = UMSocialSnsData.h; sourceTree = "<group>"; };
		5BCD80C51BFEEAB30023DB3C /* UMSocialSnsPlatformManager.h */ = {isa = PBXFileReference; fileEncoding = 4; lastKnownFileType = sourcecode.c.h; path = UMSocialSnsPlatformManager.h; sourceTree = "<group>"; };
		5BCD80C61BFEEAB30023DB3C /* UMSocialSnsService.h */ = {isa = PBXFileReference; fileEncoding = 4; lastKnownFileType = sourcecode.c.h; path = UMSocialSnsService.h; sourceTree = "<group>"; };
		5BCD80C71BFEEAB30023DB3C /* libUMSocial_Sdk_4.3.a */ = {isa = PBXFileReference; lastKnownFileType = archive.ar; path = libUMSocial_Sdk_4.3.a; sourceTree = "<group>"; };
		5BCD80C91BFEEAB30023DB3C /* UMSCommentDetailController.xib */ = {isa = PBXFileReference; fileEncoding = 4; lastKnownFileType = file.xib; path = UMSCommentDetailController.xib; sourceTree = "<group>"; };
		5BCD80CA1BFEEAB30023DB3C /* UMSCommentInputController.xib */ = {isa = PBXFileReference; fileEncoding = 4; lastKnownFileType = file.xib; path = UMSCommentInputController.xib; sourceTree = "<group>"; };
		5BCD80CB1BFEEAB30023DB3C /* UMSCommentInputControlleriPad.xib */ = {isa = PBXFileReference; fileEncoding = 4; lastKnownFileType = file.xib; path = UMSCommentInputControlleriPad.xib; sourceTree = "<group>"; };
		5BCD80CC1BFEEAB30023DB3C /* UMShareEditViewController.xib */ = {isa = PBXFileReference; fileEncoding = 4; lastKnownFileType = file.xib; path = UMShareEditViewController.xib; sourceTree = "<group>"; };
		5BCD80CD1BFEEAB30023DB3C /* UMShareEditViewControlleriPad.xib */ = {isa = PBXFileReference; fileEncoding = 4; lastKnownFileType = file.xib; path = UMShareEditViewControlleriPad.xib; sourceTree = "<group>"; };
		5BCD80CE1BFEEAB30023DB3C /* UMSLoginViewController.xib */ = {isa = PBXFileReference; fileEncoding = 4; lastKnownFileType = file.xib; path = UMSLoginViewController.xib; sourceTree = "<group>"; };
		5BCD80CF1BFEEAB30023DB3C /* UMSnsAccountViewController.xib */ = {isa = PBXFileReference; fileEncoding = 4; lastKnownFileType = file.xib; path = UMSnsAccountViewController.xib; sourceTree = "<group>"; };
		5BCD80D01BFEEAB30023DB3C /* UMSShareListController.xib */ = {isa = PBXFileReference; fileEncoding = 4; lastKnownFileType = file.xib; path = UMSShareListController.xib; sourceTree = "<group>"; };
		5BCD80D11BFEEAB30023DB3C /* UMSocialSDKResourcesNew.bundle */ = {isa = PBXFileReference; lastKnownFileType = "wrapper.plug-in"; path = UMSocialSDKResourcesNew.bundle; sourceTree = "<group>"; };
		5BCD80D21BFEEAB30023DB3C /* zh-Hans */ = {isa = PBXFileReference; lastKnownFileType = text.plist.strings; name = "zh-Hans"; path = "zh-Hans.lproj/UMSocialLocalizable.strings"; sourceTree = "<group>"; };
		5BCD80DA1BFEEAB30023DB3C /* libSocialWechat.a */ = {isa = PBXFileReference; lastKnownFileType = archive.ar; path = libSocialWechat.a; sourceTree = "<group>"; };
		5BCD80DB1BFEEAB30023DB3C /* libWeChatSDK.a */ = {isa = PBXFileReference; lastKnownFileType = archive.ar; path = libWeChatSDK.a; sourceTree = "<group>"; };
		5BCD80DC1BFEEAB30023DB3C /* UMSocialWechatHandler.h */ = {isa = PBXFileReference; fileEncoding = 4; lastKnownFileType = sourcecode.c.h; path = UMSocialWechatHandler.h; sourceTree = "<group>"; };
		5BCD80DD1BFEEAB30023DB3C /* WXApi.h */ = {isa = PBXFileReference; fileEncoding = 4; lastKnownFileType = sourcecode.c.h; path = WXApi.h; sourceTree = "<group>"; };
		5BCD80DE1BFEEAB30023DB3C /* WXApiObject.h */ = {isa = PBXFileReference; fileEncoding = 4; lastKnownFileType = sourcecode.c.h; path = WXApiObject.h; sourceTree = "<group>"; };
		5BCD81071BFEF05B0023DB3C /* libstdc++.tbd */ = {isa = PBXFileReference; lastKnownFileType = "sourcecode.text-based-dylib-definition"; name = "libstdc++.tbd"; path = "usr/lib/libstdc++.tbd"; sourceTree = SDKROOT; };
		5BCD81091BFEF0780023DB3C /* libsqlite3.tbd */ = {isa = PBXFileReference; lastKnownFileType = "sourcecode.text-based-dylib-definition"; name = libsqlite3.tbd; path = usr/lib/libsqlite3.tbd; sourceTree = SDKROOT; };
		5BCD810B1BFEF0830023DB3C /* Security.framework */ = {isa = PBXFileReference; lastKnownFileType = wrapper.framework; name = Security.framework; path = System/Library/Frameworks/Security.framework; sourceTree = SDKROOT; };
		5BCD810D1BFEF0930023DB3C /* SystemConfiguration.framework */ = {isa = PBXFileReference; lastKnownFileType = wrapper.framework; name = SystemConfiguration.framework; path = System/Library/Frameworks/SystemConfiguration.framework; sourceTree = SDKROOT; };
		5BCD810F1BFEF0B10023DB3C /* CoreTelephony.framework */ = {isa = PBXFileReference; lastKnownFileType = wrapper.framework; name = CoreTelephony.framework; path = System/Library/Frameworks/CoreTelephony.framework; sourceTree = SDKROOT; };
		5BCD81111BFEF20C0023DB3C /* libz.tbd */ = {isa = PBXFileReference; lastKnownFileType = "sourcecode.text-based-dylib-definition"; name = libz.tbd; path = usr/lib/libz.tbd; sourceTree = SDKROOT; };
		5BCD81131BFEF3910023DB3C /* Js&Webview.pch */ = {isa = PBXFileReference; lastKnownFileType = sourcecode.c.h; path = "Js&Webview.pch"; sourceTree = "<group>"; };
		5BCD81141BFEF6AB0023DB3C /* ImageIO.framework */ = {isa = PBXFileReference; lastKnownFileType = wrapper.framework; name = ImageIO.framework; path = System/Library/Frameworks/ImageIO.framework; sourceTree = SDKROOT; };
/* End PBXFileReference section */

/* Begin PBXFrameworksBuildPhase section */
		5B06625B1BFDAA09007D4C9A /* Frameworks */ = {
			isa = PBXFrameworksBuildPhase;
			buildActionMask = 2147483647;
			files = (
				5BCD81151BFEF6AB0023DB3C /* ImageIO.framework in Frameworks */,
				5BCD81121BFEF20C0023DB3C /* libz.tbd in Frameworks */,
				5BCD81101BFEF0B10023DB3C /* CoreTelephony.framework in Frameworks */,
				5BCD810E1BFEF0930023DB3C /* SystemConfiguration.framework in Frameworks */,
				5BCD810C1BFEF0830023DB3C /* Security.framework in Frameworks */,
				5BCD810A1BFEF0780023DB3C /* libsqlite3.tbd in Frameworks */,
				5BCD81081BFEF05B0023DB3C /* libstdc++.tbd in Frameworks */,
				5BCD80ED1BFEEAB30023DB3C /* libSocialWechat.a in Frameworks */,
				5BCD80E01BFEEAB30023DB3C /* libUMSocial_Sdk_4.3.a in Frameworks */,
				5BCD80EE1BFEEAB30023DB3C /* libWeChatSDK.a in Frameworks */,
			);
			runOnlyForDeploymentPostprocessing = 0;
		};
/* End PBXFrameworksBuildPhase section */

/* Begin PBXGroup section */
		5B0662551BFDAA09007D4C9A = {
			isa = PBXGroup;
			children = (
				5B0662601BFDAA09007D4C9A /* Js&Webview */,
				5B06625F1BFDAA09007D4C9A /* Products */,
			);
			sourceTree = "<group>";
		};
		5B06625F1BFDAA09007D4C9A /* Products */ = {
			isa = PBXGroup;
			children = (
				5B06625E1BFDAA09007D4C9A /* Js&Webview.app */,
			);
			name = Products;
			sourceTree = "<group>";
		};
		5B0662601BFDAA09007D4C9A /* Js&Webview */ = {
			isa = PBXGroup;
			children = (
				5B0662781BFDAA60007D4C9A /* Vendor */,
				5B0662641BFDAA09007D4C9A /* AppDelegate.h */,
				5B0662651BFDAA09007D4C9A /* AppDelegate.m */,
				5B0662721BFDAA1D007D4C9A /* MainViewController.h */,
				5B0662731BFDAA1D007D4C9A /* MainViewController.m */,
				5B0662851BFDBCEB007D4C9A /* DetailViewController.h */,
				5B0662861BFDBCEB007D4C9A /* DetailViewController.m */,
				5B0662671BFDAA09007D4C9A /* Assets.xcassets */,
				5B0662691BFDAA09007D4C9A /* LaunchScreen.storyboard */,
				5B06626C1BFDAA09007D4C9A /* Info.plist */,
				5B0662611BFDAA09007D4C9A /* Supporting Files */,
			);
			path = "Js&Webview";
			sourceTree = "<group>";
		};
		5B0662611BFDAA09007D4C9A /* Supporting Files */ = {
			isa = PBXGroup;
			children = (
				5BCD81141BFEF6AB0023DB3C /* ImageIO.framework */,
				5BCD81111BFEF20C0023DB3C /* libz.tbd */,
				5BCD810F1BFEF0B10023DB3C /* CoreTelephony.framework */,
				5BCD810D1BFEF0930023DB3C /* SystemConfiguration.framework */,
				5BCD810B1BFEF0830023DB3C /* Security.framework */,
				5BCD81091BFEF0780023DB3C /* libsqlite3.tbd */,
				5BCD81071BFEF05B0023DB3C /* libstdc++.tbd */,
				5B0662621BFDAA09007D4C9A /* main.m */,
				5BCD81131BFEF3910023DB3C /* Js&Webview.pch */,
			);
			name = "Supporting Files";
			sourceTree = "<group>";
		};
		5B0662781BFDAA60007D4C9A /* Vendor */ = {
			isa = PBXGroup;
			children = (
				5BCD80B81BFEEAB30023DB3C /* UMSocial_Sdk_4.3 */,
				5BCD80D31BFEEAB30023DB3C /* UMSocial_Sdk_Extra_Frameworks */,
				5B0662791BFDAA76007D4C9A /* WebViewJavascriptBridge */,
			);
			path = Vendor;
			sourceTree = "<group>";
		};
		5B0662791BFDAA76007D4C9A /* WebViewJavascriptBridge */ = {
			isa = PBXGroup;
			children = (
				5B06627A1BFDAA76007D4C9A /* WebViewJavascriptBridge.h */,
				5B06627B1BFDAA76007D4C9A /* WebViewJavascriptBridge.js.txt */,
				5B06627C1BFDAA76007D4C9A /* WebViewJavascriptBridge.m */,
				5B06627D1BFDAA76007D4C9A /* WebViewJavascriptBridgeBase.h */,
				5B06627E1BFDAA76007D4C9A /* WebViewJavascriptBridgeBase.m */,
				5B06627F1BFDAA76007D4C9A /* WKWebViewJavascriptBridge.h */,
				5B0662801BFDAA76007D4C9A /* WKWebViewJavascriptBridge.m */,
			);
			path = WebViewJavascriptBridge;
			sourceTree = "<group>";
		};
		5BCD80B81BFEEAB30023DB3C /* UMSocial_Sdk_4.3 */ = {
			isa = PBXGroup;
			children = (
				5BCD80B91BFEEAB30023DB3C /* UMSocialLocalizable.strings */,
				5BCD80BB1BFEEAB30023DB3C /* Header */,
				5BCD80C71BFEEAB30023DB3C /* libUMSocial_Sdk_4.3.a */,
				5BCD80C81BFEEAB30023DB3C /* SocialSDKXib */,
				5BCD80D11BFEEAB30023DB3C /* UMSocialSDKResourcesNew.bundle */,
			);
			path = UMSocial_Sdk_4.3;
			sourceTree = "<group>";
		};
		5BCD80BB1BFEEAB30023DB3C /* Header */ = {
			isa = PBXGroup;
			children = (
				5BCD80BC1BFEEAB30023DB3C /* UMSocial.h */,
				5BCD80BD1BFEEAB30023DB3C /* UMSocialAccountManager.h */,
				5BCD80BE1BFEEAB30023DB3C /* UMSocialBar.h */,
				5BCD80BF1BFEEAB30023DB3C /* UMSocialConfig.h */,
				5BCD80C01BFEEAB30023DB3C /* UMSocialControllerService.h */,
				5BCD80C11BFEEAB30023DB3C /* UMSocialControllerServiceComment.h */,
				5BCD80C21BFEEAB30023DB3C /* UMSocialData.h */,
				5BCD80C31BFEEAB30023DB3C /* UMSocialDataService.h */,
				5BCD80C41BFEEAB30023DB3C /* UMSocialSnsData.h */,
				5BCD80C51BFEEAB30023DB3C /* UMSocialSnsPlatformManager.h */,
				5BCD80C61BFEEAB30023DB3C /* UMSocialSnsService.h */,
			);
			path = Header;
			sourceTree = "<group>";
		};
		5BCD80C81BFEEAB30023DB3C /* SocialSDKXib */ = {
			isa = PBXGroup;
			children = (
				5BCD80C91BFEEAB30023DB3C /* UMSCommentDetailController.xib */,
				5BCD80CA1BFEEAB30023DB3C /* UMSCommentInputController.xib */,
				5BCD80CB1BFEEAB30023DB3C /* UMSCommentInputControlleriPad.xib */,
				5BCD80CC1BFEEAB30023DB3C /* UMShareEditViewController.xib */,
				5BCD80CD1BFEEAB30023DB3C /* UMShareEditViewControlleriPad.xib */,
				5BCD80CE1BFEEAB30023DB3C /* UMSLoginViewController.xib */,
				5BCD80CF1BFEEAB30023DB3C /* UMSnsAccountViewController.xib */,
				5BCD80D01BFEEAB30023DB3C /* UMSShareListController.xib */,
			);
			path = SocialSDKXib;
			sourceTree = "<group>";
		};
		5BCD80D31BFEEAB30023DB3C /* UMSocial_Sdk_Extra_Frameworks */ = {
			isa = PBXGroup;
			children = (
				5BCD80D91BFEEAB30023DB3C /* Wechat */,
			);
			path = UMSocial_Sdk_Extra_Frameworks;
			sourceTree = "<group>";
		};
		5BCD80D91BFEEAB30023DB3C /* Wechat */ = {
			isa = PBXGroup;
			children = (
				5BCD80DA1BFEEAB30023DB3C /* libSocialWechat.a */,
				5BCD80DB1BFEEAB30023DB3C /* libWeChatSDK.a */,
				5BCD80DC1BFEEAB30023DB3C /* UMSocialWechatHandler.h */,
				5BCD80DD1BFEEAB30023DB3C /* WXApi.h */,
				5BCD80DE1BFEEAB30023DB3C /* WXApiObject.h */,
			);
			path = Wechat;
			sourceTree = "<group>";
		};
/* End PBXGroup section */

/* Begin PBXNativeTarget section */
		5B06625D1BFDAA09007D4C9A /* Js&Webview */ = {
			isa = PBXNativeTarget;
			buildConfigurationList = 5B06626F1BFDAA09007D4C9A /* Build configuration list for PBXNativeTarget "Js&Webview" */;
			buildPhases = (
				5B06625A1BFDAA09007D4C9A /* Sources */,
				5B06625B1BFDAA09007D4C9A /* Frameworks */,
				5B06625C1BFDAA09007D4C9A /* Resources */,
			);
			buildRules = (
			);
			dependencies = (
			);
			name = "Js&Webview";
			productName = "Js&Webview";
			productReference = 5B06625E1BFDAA09007D4C9A /* Js&Webview.app */;
			productType = "com.apple.product-type.application";
		};
/* End PBXNativeTarget section */

/* Begin PBXProject section */
		5B0662561BFDAA09007D4C9A /* Project object */ = {
			isa = PBXProject;
			attributes = {
				LastUpgradeCheck = 0710;
				ORGANIZATIONNAME = Kim;
				TargetAttributes = {
					5B06625D1BFDAA09007D4C9A = {
						CreatedOnToolsVersion = 7.1;
					};
				};
			};
			buildConfigurationList = 5B0662591BFDAA09007D4C9A /* Build configuration list for PBXProject "Js&Webview" */;
			compatibilityVersion = "Xcode 3.2";
			developmentRegion = English;
			hasScannedForEncodings = 0;
			knownRegions = (
				en,
				Base,
				"zh-Hans",
			);
			mainGroup = 5B0662551BFDAA09007D4C9A;
			productRefGroup = 5B06625F1BFDAA09007D4C9A /* Products */;
			projectDirPath = "";
			projectRoot = "";
			targets = (
				5B06625D1BFDAA09007D4C9A /* Js&Webview */,
			);
		};
/* End PBXProject section */

/* Begin PBXResourcesBuildPhase section */
		5B06625C1BFDAA09007D4C9A /* Resources */ = {
			isa = PBXResourcesBuildPhase;
			buildActionMask = 2147483647;
			files = (
				5BCD80E41BFEEAB30023DB3C /* UMShareEditViewController.xib in Resources */,
				5BCD80E21BFEEAB30023DB3C /* UMSCommentInputController.xib in Resources */,
				5B0662681BFDAA09007D4C9A /* Assets.xcassets in Resources */,
				5BCD80E11BFEEAB30023DB3C /* UMSCommentDetailController.xib in Resources */,
				5BCD80E61BFEEAB30023DB3C /* UMSLoginViewController.xib in Resources */,
				5BCD80E31BFEEAB30023DB3C /* UMSCommentInputControlleriPad.xib in Resources */,
				5BCD80E51BFEEAB30023DB3C /* UMShareEditViewControlleriPad.xib in Resources */,
				5B06626B1BFDAA09007D4C9A /* LaunchScreen.storyboard in Resources */,
				5BCD80DF1BFEEAB30023DB3C /* UMSocialLocalizable.strings in Resources */,
				5B0662811BFDAA76007D4C9A /* WebViewJavascriptBridge.js.txt in Resources */,
				5BCD80E71BFEEAB30023DB3C /* UMSnsAccountViewController.xib in Resources */,
				5BCD80E81BFEEAB30023DB3C /* UMSShareListController.xib in Resources */,
				5BCD80E91BFEEAB30023DB3C /* UMSocialSDKResourcesNew.bundle in Resources */,
			);
			runOnlyForDeploymentPostprocessing = 0;
		};
/* End PBXResourcesBuildPhase section */

/* Begin PBXSourcesBuildPhase section */
		5B06625A1BFDAA09007D4C9A /* Sources */ = {
			isa = PBXSourcesBuildPhase;
			buildActionMask = 2147483647;
			files = (
				5B0662661BFDAA09007D4C9A /* AppDelegate.m in Sources */,
				5B0662741BFDAA1D007D4C9A /* MainViewController.m in Sources */,
				5B0662631BFDAA09007D4C9A /* main.m in Sources */,
				5B0662831BFDAA76007D4C9A /* WebViewJavascriptBridgeBase.m in Sources */,
				5B0662821BFDAA76007D4C9A /* WebViewJavascriptBridge.m in Sources */,
				5B0662841BFDAA76007D4C9A /* WKWebViewJavascriptBridge.m in Sources */,
				5B0662871BFDBCEB007D4C9A /* DetailViewController.m in Sources */,
			);
			runOnlyForDeploymentPostprocessing = 0;
		};
/* End PBXSourcesBuildPhase section */

/* Begin PBXVariantGroup section */
		5B0662691BFDAA09007D4C9A /* LaunchScreen.storyboard */ = {
			isa = PBXVariantGroup;
			children = (
				5B06626A1BFDAA09007D4C9A /* Base */,
			);
			name = LaunchScreen.storyboard;
			sourceTree = "<group>";
		};
		5BCD80B91BFEEAB30023DB3C /* UMSocialLocalizable.strings */ = {
			isa = PBXVariantGroup;
			children = (
				5BCD80BA1BFEEAB30023DB3C /* en */,
				5BCD80D21BFEEAB30023DB3C /* zh-Hans */,
			);
			name = UMSocialLocalizable.strings;
			sourceTree = "<group>";
		};
/* End PBXVariantGroup section */

/* Begin XCBuildConfiguration section */
		5B06626D1BFDAA09007D4C9A /* Debug */ = {
			isa = XCBuildConfiguration;
			buildSettings = {
				ALWAYS_SEARCH_USER_PATHS = NO;
				CLANG_CXX_LANGUAGE_STANDARD = "gnu++0x";
				CLANG_CXX_LIBRARY = "libc++";
				CLANG_ENABLE_MODULES = YES;
				CLANG_ENABLE_OBJC_ARC = YES;
				CLANG_WARN_BOOL_CONVERSION = YES;
				CLANG_WARN_CONSTANT_CONVERSION = YES;
				CLANG_WARN_DIRECT_OBJC_ISA_USAGE = YES_ERROR;
				CLANG_WARN_EMPTY_BODY = YES;
				CLANG_WARN_ENUM_CONVERSION = YES;
				CLANG_WARN_INT_CONVERSION = YES;
				CLANG_WARN_OBJC_ROOT_CLASS = YES_ERROR;
				CLANG_WARN_UNREACHABLE_CODE = YES;
				CLANG_WARN__DUPLICATE_METHOD_MATCH = YES;
				"CODE_SIGN_IDENTITY[sdk=iphoneos*]" = "iPhone Developer";
				COPY_PHASE_STRIP = NO;
				DEBUG_INFORMATION_FORMAT = dwarf;
				ENABLE_STRICT_OBJC_MSGSEND = YES;
				ENABLE_TESTABILITY = YES;
				GCC_C_LANGUAGE_STANDARD = gnu99;
				GCC_DYNAMIC_NO_PIC = NO;
				GCC_NO_COMMON_BLOCKS = YES;
				GCC_OPTIMIZATION_LEVEL = 0;
				GCC_PREPROCESSOR_DEFINITIONS = (
					"DEBUG=1",
					"$(inherited)",
				);
				GCC_WARN_64_TO_32_BIT_CONVERSION = YES;
				GCC_WARN_ABOUT_RETURN_TYPE = YES_ERROR;
				GCC_WARN_UNDECLARED_SELECTOR = YES;
				GCC_WARN_UNINITIALIZED_AUTOS = YES_AGGRESSIVE;
				GCC_WARN_UNUSED_FUNCTION = YES;
				GCC_WARN_UNUSED_VARIABLE = YES;
				IPHONEOS_DEPLOYMENT_TARGET = 9.1;
				MTL_ENABLE_DEBUG_INFO = YES;
				ONLY_ACTIVE_ARCH = YES;
				SDKROOT = iphoneos;
				TARGETED_DEVICE_FAMILY = "1,2";
			};
			name = Debug;
		};
		5B06626E1BFDAA09007D4C9A /* Release */ = {
			isa = XCBuildConfiguration;
			buildSettings = {
				ALWAYS_SEARCH_USER_PATHS = NO;
				CLANG_CXX_LANGUAGE_STANDARD = "gnu++0x";
				CLANG_CXX_LIBRARY = "libc++";
				CLANG_ENABLE_MODULES = YES;
				CLANG_ENABLE_OBJC_ARC = YES;
				CLANG_WARN_BOOL_CONVERSION = YES;
				CLANG_WARN_CONSTANT_CONVERSION = YES;
				CLANG_WARN_DIRECT_OBJC_ISA_USAGE = YES_ERROR;
				CLANG_WARN_EMPTY_BODY = YES;
				CLANG_WARN_ENUM_CONVERSION = YES;
				CLANG_WARN_INT_CONVERSION = YES;
				CLANG_WARN_OBJC_ROOT_CLASS = YES_ERROR;
				CLANG_WARN_UNREACHABLE_CODE = YES;
				CLANG_WARN__DUPLICATE_METHOD_MATCH = YES;
				"CODE_SIGN_IDENTITY[sdk=iphoneos*]" = "iPhone Developer";
				COPY_PHASE_STRIP = NO;
				DEBUG_INFORMATION_FORMAT = "dwarf-with-dsym";
				ENABLE_NS_ASSERTIONS = NO;
				ENABLE_STRICT_OBJC_MSGSEND = YES;
				GCC_C_LANGUAGE_STANDARD = gnu99;
				GCC_NO_COMMON_BLOCKS = YES;
				GCC_WARN_64_TO_32_BIT_CONVERSION = YES;
				GCC_WARN_ABOUT_RETURN_TYPE = YES_ERROR;
				GCC_WARN_UNDECLARED_SELECTOR = YES;
				GCC_WARN_UNINITIALIZED_AUTOS = YES_AGGRESSIVE;
				GCC_WARN_UNUSED_FUNCTION = YES;
				GCC_WARN_UNUSED_VARIABLE = YES;
				IPHONEOS_DEPLOYMENT_TARGET = 9.1;
				MTL_ENABLE_DEBUG_INFO = NO;
				SDKROOT = iphoneos;
				TARGETED_DEVICE_FAMILY = "1,2";
				VALIDATE_PRODUCT = YES;
			};
			name = Release;
		};
		5B0662701BFDAA09007D4C9A /* Debug */ = {
			isa = XCBuildConfiguration;
			buildSettings = {
				ASSETCATALOG_COMPILER_APPICON_NAME = AppIcon;
				ENABLE_BITCODE = NO;
				ENABLE_ON_DEMAND_RESOURCES = YES;
				FRAMEWORK_SEARCH_PATHS = (
					"$(inherited)",
					"$(PROJECT_DIR)/Js&Webview/Vendor/UMSocial_Sdk_Extra_Frameworks/TencentOpenAPI",
				);
				GCC_PREFIX_HEADER = "$(PROJECT_DIR)/js&Webview/js&Webview.pch";
				INFOPLIST_FILE = "Js&Webview/Info.plist";
				LD_RUNPATH_SEARCH_PATHS = "$(inherited) @executable_path/Frameworks";
				LIBRARY_SEARCH_PATHS = (
					"$(inherited)",
					"$(PROJECT_DIR)/Js&Webview/Vendor/UMSocial_Sdk_4.3",
					"$(PROJECT_DIR)/Js&Webview/Vendor/UMSocial_Sdk_Extra_Frameworks/TencentOpenAPI",
					"$(PROJECT_DIR)/Js&Webview/Vendor/UMSocial_Sdk_Extra_Frameworks/Wechat",
					"$(PROJECT_DIR)/Js&Webview/Vendor/UMSocial_Sdk_Extra_Frameworks/SinaSSO",
					"$(PROJECT_DIR)/Js&Webview/Vendor/UMSocial_Sdk_Extra_Frameworks/Sina",
				);
				OTHER_LDFLAGS = "-ObjC";
				PRODUCT_BUNDLE_IDENTIFIER = "im.cun.Js-Webview";
				PRODUCT_NAME = "$(TARGET_NAME)";
				TARGETED_DEVICE_FAMILY = 1;
			};
			name = Debug;
		};
		5B0662711BFDAA09007D4C9A /* Release */ = {
			isa = XCBuildConfiguration;
			buildSettings = {
				ASSETCATALOG_COMPILER_APPICON_NAME = AppIcon;
				ENABLE_BITCODE = NO;
				ENABLE_ON_DEMAND_RESOURCES = YES;
				FRAMEWORK_SEARCH_PATHS = (
					"$(inherited)",
					"$(PROJECT_DIR)/Js&Webview/Vendor/UMSocial_Sdk_Extra_Frameworks/TencentOpenAPI",
				);
				GCC_PREFIX_HEADER = "$(PROJECT_DIR)/js&Webview/js&Webview.pch";
				INFOPLIST_FILE = "Js&Webview/Info.plist";
				LD_RUNPATH_SEARCH_PATHS = "$(inherited) @executable_path/Frameworks";
				LIBRARY_SEARCH_PATHS = (
					"$(inherited)",
					"$(PROJECT_DIR)/Js&Webview/Vendor/UMSocial_Sdk_4.3",
					"$(PROJECT_DIR)/Js&Webview/Vendor/UMSocial_Sdk_Extra_Frameworks/TencentOpenAPI",
					"$(PROJECT_DIR)/Js&Webview/Vendor/UMSocial_Sdk_Extra_Frameworks/Wechat",
					"$(PROJECT_DIR)/Js&Webview/Vendor/UMSocial_Sdk_Extra_Frameworks/SinaSSO",
					"$(PROJECT_DIR)/Js&Webview/Vendor/UMSocial_Sdk_Extra_Frameworks/Sina",
				);
				OTHER_LDFLAGS = "-ObjC";
				PRODUCT_BUNDLE_IDENTIFIER = "im.cun.Js-Webview";
				PRODUCT_NAME = "$(TARGET_NAME)";
				TARGETED_DEVICE_FAMILY = 1;
			};
			name = Release;
		};
/* End XCBuildConfiguration section */

/* Begin XCConfigurationList section */
		5B0662591BFDAA09007D4C9A /* Build configuration list for PBXProject "Js&Webview" */ = {
			isa = XCConfigurationList;
			buildConfigurations = (
				5B06626D1BFDAA09007D4C9A /* Debug */,
				5B06626E1BFDAA09007D4C9A /* Release */,
			);
			defaultConfigurationIsVisible = 0;
			defaultConfigurationName = Release;
		};
		5B06626F1BFDAA09007D4C9A /* Build configuration list for PBXNativeTarget "Js&Webview" */ = {
			isa = XCConfigurationList;
			buildConfigurations = (
				5B0662701BFDAA09007D4C9A /* Debug */,
				5B0662711BFDAA09007D4C9A /* Release */,
			);
			defaultConfigurationIsVisible = 0;
			defaultConfigurationName = Release;
		};
/* End XCConfigurationList section */
	};
	rootObject = 5B0662561BFDAA09007D4C9A /* Project object */;
}
